
Microsoft Visual Studio Solution File, Format Version 12.00
# Visual Studio Version 17
VisualStudioVersion = 17.5.002.0
MinimumVisualStudioVersion = 10.0.40219.1
Project("{9A19103F-16F7-4668-BE54-9A1E7A4F7556}") = "DesafioProjetoHospedagem", "DesafioProjetoHospedagem.csproj", "{F8B18459-2C3E-450C-A937-254ECCC5B4DA}"
EndProject
Global
	GlobalSection(SolutionConfigurationPlatforms) = preSolution
		Debug|Any CPU = Debug|Any CPU
		Release|Any CPU = Release|Any CPU
	EndGlobalSection
	GlobalSection(ProjectConfigurationPlatforms) = postSolution
		{F8B18459-2C3E-450C-A937-254ECCC5B4DA}.Debug|Any CPU.ActiveCfg = Debug|Any CPU
		{F8B18459-2C3E-450C-A937-254ECCC5B4DA}.Debug|Any CPU.Build.0 = Debug|Any CPU
		{F8B18459-2C3E-450C-A937-254ECCC5B4DA}.Release|Any CPU.ActiveCfg = Release|Any CPU
		{F8B18459-2C3E-450C-A937-254ECCC5B4DA}.Release|Any CPU.Build.0 = Release|Any CPU
	EndGlobalSection
	GlobalSection(SolutionProperties) = preSolution
		HideSolutionNode = FALSE
	EndGlobalSection
	GlobalSection(ExtensibilityGlobals) = postSolution
		SolutionGuid = {CB125738-61E0-4618-B84D-9E21E736CFE5}
	EndGlobalSection
EndGlobal
